
Microsoft Visual Studio Solution File, Format Version 12.00
# Visual Studio Version 16
VisualStudioVersion = 16.0.28803.352
MinimumVisualStudioVersion = 10.0.40219.1
Project("{FAE04EC0-301F-11D3-BF4B-00C04F79EFBC}") = "Desenvolvimento Web 1 - Rodrigo", "Desenvolvimento Web 1 - Rodrigo\Desenvolvimento Web 1 - Rodrigo.csproj", "{BD64B377-8FA3-40EB-A669-B87748D414D3}"
EndProject
Global
	GlobalSection(SolutionConfigurationPlatforms) = preSolution
		Debug|Any CPU = Debug|Any CPU
		Release|Any CPU = Release|Any CPU
	EndGlobalSection
	GlobalSection(ProjectConfigurationPlatforms) = postSolution
		{BD64B377-8FA3-40EB-A669-B87748D414D3}.Debug|Any CPU.ActiveCfg = Debug|Any CPU
		{BD64B377-8FA3-40EB-A669-B87748D414D3}.Debug|Any CPU.Build.0 = Debug|Any CPU
		{BD64B377-8FA3-40EB-A669-B87748D414D3}.Release|Any CPU.ActiveCfg = Release|Any CPU
		{BD64B377-8FA3-40EB-A669-B87748D414D3}.Release|Any CPU.Build.0 = Release|Any CPU
	EndGlobalSection
	GlobalSection(SolutionProperties) = preSolution
		HideSolutionNode = FALSE
	EndGlobalSection
	GlobalSection(ExtensibilityGlobals) = postSolution
		SolutionGuid = {922C1724-4440-4B0E-8061-87BFB8363A4A}
	EndGlobalSection
EndGlobal
